// !$*UTF8*$!
{
	archiveVersion = 1;
	classes = {
	};
	objectVersion = 48;
	objects = {

/* Begin PBXBuildFile section */
		251383331F4D79E10071AE26 /* NGNModalFirstViewController.m in Sources */ = {isa = PBXBuildFile; fileRef = 251383321F4D79E10071AE26 /* NGNModalFirstViewController.m */; };
		251383361F4D7A010071AE26 /* NGNModalSecondViewController.m in Sources */ = {isa = PBXBuildFile; fileRef = 251383351F4D7A010071AE26 /* NGNModalSecondViewController.m */; };
		255C810D1F4D6B1D00874081 /* main.m in Sources */ = {isa = PBXBuildFile; fileRef = 255C810C1F4D6B1D00874081 /* main.m */; };
		255C81101F4D6B1D00874081 /* AppDelegate.m in Sources */ = {isa = PBXBuildFile; fileRef = 255C810F1F4D6B1D00874081 /* AppDelegate.m */; };
		255C81131F4D6B1D00874081 /* NGNMenuViewController.m in Sources */ = {isa = PBXBuildFile; fileRef = 255C81121F4D6B1D00874081 /* NGNMenuViewController.m */; };
		255C81161F4D6B1D00874081 /* Main.storyboard in Resources */ = {isa = PBXBuildFile; fileRef = 255C81141F4D6B1D00874081 /* Main.storyboard */; };
		255C81181F4D6B1E00874081 /* Assets.xcassets in Resources */ = {isa = PBXBuildFile; fileRef = 255C81171F4D6B1E00874081 /* Assets.xcassets */; };
		255C811B1F4D6B1E00874081 /* LaunchScreen.storyboard in Resources */ = {isa = PBXBuildFile; fileRef = 255C81191F4D6B1E00874081 /* LaunchScreen.storyboard */; };
		25762ADF1F4D9237001DB36C /* NGNCommonConstants.m in Sources */ = {isa = PBXBuildFile; fileRef = 25762ADE1F4D9237001DB36C /* NGNCommonConstants.m */; };
		2584513D1F4DA42F0085892E /* ModalPresentation.storyboard in Resources */ = {isa = PBXBuildFile; fileRef = 2584513C1F4DA42F0085892E /* ModalPresentation.storyboard */; };
		2584513F1F4DA5490085892E /* NavigablePresentation.storyboard in Resources */ = {isa = PBXBuildFile; fileRef = 2584513E1F4DA5490085892E /* NavigablePresentation.storyboard */; };
		258451421F4DA6260085892E /* NGNNavigableFirstViewController.m in Sources */ = {isa = PBXBuildFile; fileRef = 258451411F4DA6260085892E /* NGNNavigableFirstViewController.m */; };
		258451451F4DA63F0085892E /* NGNNavigableSecondViewController.m in Sources */ = {isa = PBXBuildFile; fileRef = 258451441F4DA63F0085892E /* NGNNavigableSecondViewController.m */; };
		404538771F50A18E00125AC3 /* NGNModalPresentationAnimator.m in Sources */ = {isa = PBXBuildFile; fileRef = 404538721F50A18E00125AC3 /* NGNModalPresentationAnimator.m */; };
		404538781F50A18E00125AC3 /* NGNModalPresentationTransitionDelegate.m in Sources */ = {isa = PBXBuildFile; fileRef = 404538741F50A18E00125AC3 /* NGNModalPresentationTransitionDelegate.m */; };
		404538791F50A18E00125AC3 /* NGNModalTransitionInteractionController.m in Sources */ = {isa = PBXBuildFile; fileRef = 404538761F50A18E00125AC3 /* NGNModalTransitionInteractionController.m */; };
		4045387F1F50A1A200125AC3 /* CustomPresentation.storyboard in Resources */ = {isa = PBXBuildFile; fileRef = 4045387A1F50A1A200125AC3 /* CustomPresentation.storyboard */; };
		404538801F50A1A200125AC3 /* NGNCustomFirstViewController.m in Sources */ = {isa = PBXBuildFile; fileRef = 4045387C1F50A1A200125AC3 /* NGNCustomFirstViewController.m */; };
		404538811F50A1A200125AC3 /* NGNCustomTransitionAnimator.m in Sources */ = {isa = PBXBuildFile; fileRef = 4045387E1F50A1A200125AC3 /* NGNCustomTransitionAnimator.m */; };
/* End PBXBuildFile section */

/* Begin PBXFileReference section */
		251383311F4D79E10071AE26 /* NGNModalFirstViewController.h */ = {isa = PBXFileReference; fileEncoding = 4; lastKnownFileType = sourcecode.c.h; name = NGNModalFirstViewController.h; path = ModalPresentationAnimation/NGNModalFirstViewController.h; sourceTree = "<group>"; };
		251383321F4D79E10071AE26 /* NGNModalFirstViewController.m */ = {isa = PBXFileReference; fileEncoding = 4; lastKnownFileType = sourcecode.c.objc; name = NGNModalFirstViewController.m; path = ModalPresentationAnimation/NGNModalFirstViewController.m; sourceTree = "<group>"; };
		251383341F4D7A010071AE26 /* NGNModalSecondViewController.h */ = {isa = PBXFileReference; fileEncoding = 4; lastKnownFileType = sourcecode.c.h; name = NGNModalSecondViewController.h; path = ModalPresentationAnimation/NGNModalSecondViewController.h; sourceTree = "<group>"; };
		251383351F4D7A010071AE26 /* NGNModalSecondViewController.m */ = {isa = PBXFileReference; fileEncoding = 4; lastKnownFileType = sourcecode.c.objc; name = NGNModalSecondViewController.m; path = ModalPresentationAnimation/NGNModalSecondViewController.m; sourceTree = "<group>"; };
		255C81081F4D6B1D00874081 /* TransitionAnimations.app */ = {isa = PBXFileReference; explicitFileType = wrapper.application; includeInIndex = 0; path = TransitionAnimations.app; sourceTree = BUILT_PRODUCTS_DIR; };
		255C810C1F4D6B1D00874081 /* main.m */ = {isa = PBXFileReference; lastKnownFileType = sourcecode.c.objc; path = main.m; sourceTree = "<group>"; };
		255C810E1F4D6B1D00874081 /* AppDelegate.h */ = {isa = PBXFileReference; lastKnownFileType = sourcecode.c.h; path = AppDelegate.h; sourceTree = "<group>"; };
		255C810F1F4D6B1D00874081 /* AppDelegate.m */ = {isa = PBXFileReference; lastKnownFileType = sourcecode.c.objc; path = AppDelegate.m; sourceTree = "<group>"; };
		255C81111F4D6B1D00874081 /* NGNMenuViewController.h */ = {isa = PBXFileReference; lastKnownFileType = sourcecode.c.h; path = NGNMenuViewController.h; sourceTree = "<group>"; };
		255C81121F4D6B1D00874081 /* NGNMenuViewController.m */ = {isa = PBXFileReference; lastKnownFileType = sourcecode.c.objc; path = NGNMenuViewController.m; sourceTree = "<group>"; };
		255C81151F4D6B1D00874081 /* Base */ = {isa = PBXFileReference; lastKnownFileType = file.storyboard; name = Base; path = Base.lproj/Main.storyboard; sourceTree = "<group>"; };
		255C81171F4D6B1E00874081 /* Assets.xcassets */ = {isa = PBXFileReference; lastKnownFileType = folder.assetcatalog; path = Assets.xcassets; sourceTree = "<group>"; };
		255C811A1F4D6B1E00874081 /* Base */ = {isa = PBXFileReference; lastKnownFileType = file.storyboard; name = Base; path = Base.lproj/LaunchScreen.storyboard; sourceTree = "<group>"; };
		255C811C1F4D6B1E00874081 /* Info.plist */ = {isa = PBXFileReference; lastKnownFileType = text.plist.xml; path = Info.plist; sourceTree = "<group>"; };
		25762ADD1F4D9237001DB36C /* NGNCommonConstants.h */ = {isa = PBXFileReference; fileEncoding = 4; lastKnownFileType = sourcecode.c.h; path = NGNCommonConstants.h; sourceTree = "<group>"; };
		25762ADE1F4D9237001DB36C /* NGNCommonConstants.m */ = {isa = PBXFileReference; fileEncoding = 4; lastKnownFileType = sourcecode.c.objc; path = NGNCommonConstants.m; sourceTree = "<group>"; };
		2584513C1F4DA42F0085892E /* ModalPresentation.storyboard */ = {isa = PBXFileReference; fileEncoding = 4; lastKnownFileType = file.storyboard; name = ModalPresentation.storyboard; path = ModalPresentationAnimation/ModalPresentation.storyboard; sourceTree = "<group>"; };
		2584513E1F4DA5490085892E /* NavigablePresentation.storyboard */ = {isa = PBXFileReference; fileEncoding = 4; lastKnownFileType = file.storyboard; name = NavigablePresentation.storyboard; path = NavigationAnimation/NavigablePresentation.storyboard; sourceTree = "<group>"; };
		258451401F4DA6260085892E /* NGNNavigableFirstViewController.h */ = {isa = PBXFileReference; fileEncoding = 4; lastKnownFileType = sourcecode.c.h; name = NGNNavigableFirstViewController.h; path = NavigationAnimation/NGNNavigableFirstViewController.h; sourceTree = "<group>"; };
		258451411F4DA6260085892E /* NGNNavigableFirstViewController.m */ = {isa = PBXFileReference; fileEncoding = 4; lastKnownFileType = sourcecode.c.objc; name = NGNNavigableFirstViewController.m; path = NavigationAnimation/NGNNavigableFirstViewController.m; sourceTree = "<group>"; };
		258451431F4DA63F0085892E /* NGNNavigableSecondViewController.h */ = {isa = PBXFileReference; fileEncoding = 4; lastKnownFileType = sourcecode.c.h; name = NGNNavigableSecondViewController.h; path = NavigationAnimation/NGNNavigableSecondViewController.h; sourceTree = "<group>"; };
		258451441F4DA63F0085892E /* NGNNavigableSecondViewController.m */ = {isa = PBXFileReference; fileEncoding = 4; lastKnownFileType = sourcecode.c.objc; name = NGNNavigableSecondViewController.m; path = NavigationAnimation/NGNNavigableSecondViewController.m; sourceTree = "<group>"; };
		404538711F50A18E00125AC3 /* NGNModalPresentationAnimator.h */ = {isa = PBXFileReference; fileEncoding = 4; lastKnownFileType = sourcecode.c.h; name = NGNModalPresentationAnimator.h; path = ModalPresentationAnimation/NGNModalPresentationAnimator.h; sourceTree = "<group>"; };
		404538721F50A18E00125AC3 /* NGNModalPresentationAnimator.m */ = {isa = PBXFileReference; fileEncoding = 4; lastKnownFileType = sourcecode.c.objc; name = NGNModalPresentationAnimator.m; path = ModalPresentationAnimation/NGNModalPresentationAnimator.m; sourceTree = "<group>"; };
		404538731F50A18E00125AC3 /* NGNModalPresentationTransitionDelegate.h */ = {isa = PBXFileReference; fileEncoding = 4; lastKnownFileType = sourcecode.c.h; name = NGNModalPresentationTransitionDelegate.h; path = ModalPresentationAnimation/NGNModalPresentationTransitionDelegate.h; sourceTree = "<group>"; };
		404538741F50A18E00125AC3 /* NGNModalPresentationTransitionDelegate.m */ = {isa = PBXFileReference; fileEncoding = 4; lastKnownFileType = sourcecode.c.objc; name = NGNModalPresentationTransitionDelegate.m; path = ModalPresentationAnimation/NGNModalPresentationTransitionDelegate.m; sourceTree = "<group>"; };
		404538751F50A18E00125AC3 /* NGNModalTransitionInteractionController.h */ = {isa = PBXFileReference; fileEncoding = 4; lastKnownFileType = sourcecode.c.h; name = NGNModalTransitionInteractionController.h; path = ModalPresentationAnimation/NGNModalTransitionInteractionController.h; sourceTree = "<group>"; };
		404538761F50A18E00125AC3 /* NGNModalTransitionInteractionController.m */ = {isa = PBXFileReference; fileEncoding = 4; lastKnownFileType = sourcecode.c.objc; name = NGNModalTransitionInteractionController.m; path = ModalPresentationAnimation/NGNModalTransitionInteractionController.m; sourceTree = "<group>"; };
		4045387A1F50A1A200125AC3 /* CustomPresentation.storyboard */ = {isa = PBXFileReference; fileEncoding = 4; lastKnownFileType = file.storyboard; name = CustomPresentation.storyboard; path = CustomAnimation/CustomPresentation.storyboard; sourceTree = "<group>"; };
		4045387B1F50A1A200125AC3 /* NGNCustomFirstViewController.h */ = {isa = PBXFileReference; fileEncoding = 4; lastKnownFileType = sourcecode.c.h; name = NGNCustomFirstViewController.h; path = CustomAnimation/NGNCustomFirstViewController.h; sourceTree = "<group>"; };
		4045387C1F50A1A200125AC3 /* NGNCustomFirstViewController.m */ = {isa = PBXFileReference; fileEncoding = 4; lastKnownFileType = sourcecode.c.objc; name = NGNCustomFirstViewController.m; path = CustomAnimation/NGNCustomFirstViewController.m; sourceTree = "<group>"; };
		4045387D1F50A1A200125AC3 /* NGNCustomTransitionAnimator.h */ = {isa = PBXFileReference; fileEncoding = 4; lastKnownFileType = sourcecode.c.h; name = NGNCustomTransitionAnimator.h; path = CustomAnimation/NGNCustomTransitionAnimator.h; sourceTree = "<group>"; };
		4045387E1F50A1A200125AC3 /* NGNCustomTransitionAnimator.m */ = {isa = PBXFileReference; fileEncoding = 4; lastKnownFileType = sourcecode.c.objc; name = NGNCustomTransitionAnimator.m; path = CustomAnimation/NGNCustomTransitionAnimator.m; sourceTree = "<group>"; };
/* End PBXFileReference section */

/* Begin PBXFrameworksBuildPhase section */
		255C81051F4D6B1D00874081 /* Frameworks */ = {
			isa = PBXFrameworksBuildPhase;
			buildActionMask = 2147483647;
			files = (
			);
			runOnlyForDeploymentPostprocessing = 0;
		};
/* End PBXFrameworksBuildPhase section */

/* Begin PBXGroup section */
		2513832D1F4D73490071AE26 /* ModalPresentationAnimation */ = {
			isa = PBXGroup;
			children = (
				2584513C1F4DA42F0085892E /* ModalPresentation.storyboard */,
				404538711F50A18E00125AC3 /* NGNModalPresentationAnimator.h */,
				404538721F50A18E00125AC3 /* NGNModalPresentationAnimator.m */,
				404538731F50A18E00125AC3 /* NGNModalPresentationTransitionDelegate.h */,
				404538741F50A18E00125AC3 /* NGNModalPresentationTransitionDelegate.m */,
				404538751F50A18E00125AC3 /* NGNModalTransitionInteractionController.h */,
				404538761F50A18E00125AC3 /* NGNModalTransitionInteractionController.m */,
				251383311F4D79E10071AE26 /* NGNModalFirstViewController.h */,
				251383321F4D79E10071AE26 /* NGNModalFirstViewController.m */,
				251383341F4D7A010071AE26 /* NGNModalSecondViewController.h */,
				251383351F4D7A010071AE26 /* NGNModalSecondViewController.m */,
			);
			name = ModalPresentationAnimation;
			sourceTree = "<group>";
		};
		2513832E1F4D75CE0071AE26 /* NavigationAnimation */ = {
			isa = PBXGroup;
			children = (
				2584513E1F4DA5490085892E /* NavigablePresentation.storyboard */,
				258451401F4DA6260085892E /* NGNNavigableFirstViewController.h */,
				258451411F4DA6260085892E /* NGNNavigableFirstViewController.m */,
				258451431F4DA63F0085892E /* NGNNavigableSecondViewController.h */,
				258451441F4DA63F0085892E /* NGNNavigableSecondViewController.m */,
			);
			name = NavigationAnimation;
			sourceTree = "<group>";
		};
		255C80FF1F4D6B1D00874081 = {
			isa = PBXGroup;
			children = (
				255C810A1F4D6B1D00874081 /* TransitionAnimations */,
				255C81091F4D6B1D00874081 /* Products */,
			);
			sourceTree = "<group>";
		};
		255C81091F4D6B1D00874081 /* Products */ = {
			isa = PBXGroup;
			children = (
				255C81081F4D6B1D00874081 /* TransitionAnimations.app */,
			);
			name = Products;
			sourceTree = "<group>";
		};
		255C810A1F4D6B1D00874081 /* TransitionAnimations */ = {
			isa = PBXGroup;
			children = (
				25762ADD1F4D9237001DB36C /* NGNCommonConstants.h */,
				25762ADE1F4D9237001DB36C /* NGNCommonConstants.m */,
				2513832D1F4D73490071AE26 /* ModalPresentationAnimation */,
				2513832E1F4D75CE0071AE26 /* NavigationAnimation */,
				258451481F4DA98E0085892E /* CustomAnimation */,
				255C810E1F4D6B1D00874081 /* AppDelegate.h */,
				255C810F1F4D6B1D00874081 /* AppDelegate.m */,
				255C81111F4D6B1D00874081 /* NGNMenuViewController.h */,
				255C81121F4D6B1D00874081 /* NGNMenuViewController.m */,
				255C810B1F4D6B1D00874081 /* Supporting Files */,
			);
			path = TransitionAnimations;
			sourceTree = "<group>";
		};
		255C810B1F4D6B1D00874081 /* Supporting Files */ = {
			isa = PBXGroup;
			children = (
				255C81141F4D6B1D00874081 /* Main.storyboard */,
				255C81171F4D6B1E00874081 /* Assets.xcassets */,
				255C81191F4D6B1E00874081 /* LaunchScreen.storyboard */,
				255C811C1F4D6B1E00874081 /* Info.plist */,
				255C810C1F4D6B1D00874081 /* main.m */,
			);
			name = "Supporting Files";
			sourceTree = "<group>";
		};
		258451481F4DA98E0085892E /* CustomAnimation */ = {
			isa = PBXGroup;
			children = (
				4045387A1F50A1A200125AC3 /* CustomPresentation.storyboard */,
				4045387B1F50A1A200125AC3 /* NGNCustomFirstViewController.h */,
				4045387C1F50A1A200125AC3 /* NGNCustomFirstViewController.m */,
				4045387D1F50A1A200125AC3 /* NGNCustomTransitionAnimator.h */,
				4045387E1F50A1A200125AC3 /* NGNCustomTransitionAnimator.m */,
			);
			name = CustomAnimation;
			sourceTree = "<group>";
		};
/* End PBXGroup section */

/* Begin PBXNativeTarget section */
		255C81071F4D6B1D00874081 /* TransitionAnimations */ = {
			isa = PBXNativeTarget;
			buildConfigurationList = 255C811F1F4D6B1E00874081 /* Build configuration list for PBXNativeTarget "TransitionAnimations" */;
			buildPhases = (
				255C81041F4D6B1D00874081 /* Sources */,
				255C81051F4D6B1D00874081 /* Frameworks */,
				255C81061F4D6B1D00874081 /* Resources */,
			);
			buildRules = (
			);
			dependencies = (
			);
			name = TransitionAnimations;
			productName = TransitionAnimations;
			productReference = 255C81081F4D6B1D00874081 /* TransitionAnimations.app */;
			productType = "com.apple.product-type.application";
		};
/* End PBXNativeTarget section */

/* Begin PBXProject section */
		255C81001F4D6B1D00874081 /* Project object */ = {
			isa = PBXProject;
			attributes = {
				CLASSPREFIX = NGN;
				LastUpgradeCheck = 0830;
				ORGANIZATIONNAME = "Stafeyev Alexei";
				TargetAttributes = {
					255C81071F4D6B1D00874081 = {
						CreatedOnToolsVersion = 8.3.3;
						ProvisioningStyle = Automatic;
					};
				};
			};
			buildConfigurationList = 255C81031F4D6B1D00874081 /* Build configuration list for PBXProject "TransitionAnimations" */;
			compatibilityVersion = "Xcode 8.0";
			developmentRegion = English;
			hasScannedForEncodings = 0;
			knownRegions = (
				en,
				Base,
			);
			mainGroup = 255C80FF1F4D6B1D00874081;
			productRefGroup = 255C81091F4D6B1D00874081 /* Products */;
			projectDirPath = "";
			projectRoot = "";
			targets = (
				255C81071F4D6B1D00874081 /* TransitionAnimations */,
			);
		};
/* End PBXProject section */

/* Begin PBXResourcesBuildPhase section */
		255C81061F4D6B1D00874081 /* Resources */ = {
			isa = PBXResourcesBuildPhase;
			buildActionMask = 2147483647;
			files = (
				2584513D1F4DA42F0085892E /* ModalPresentation.storyboard in Resources */,
				255C811B1F4D6B1E00874081 /* LaunchScreen.storyboard in Resources */,
				2584513F1F4DA5490085892E /* NavigablePresentation.storyboard in Resources */,
				255C81181F4D6B1E00874081 /* Assets.xcassets in Resources */,
				255C81161F4D6B1D00874081 /* Main.storyboard in Resources */,
				4045387F1F50A1A200125AC3 /* CustomPresentation.storyboard in Resources */,
			);
			runOnlyForDeploymentPostprocessing = 0;
		};
/* End PBXResourcesBuildPhase section */

/* Begin PBXSourcesBuildPhase section */
		255C81041F4D6B1D00874081 /* Sources */ = {
			isa = PBXSourcesBuildPhase;
			buildActionMask = 2147483647;
			files = (
				404538791F50A18E00125AC3 /* NGNModalTransitionInteractionController.m in Sources */,
				251383361F4D7A010071AE26 /* NGNModalSecondViewController.m in Sources */,
				255C81131F4D6B1D00874081 /* NGNMenuViewController.m in Sources */,
				25762ADF1F4D9237001DB36C /* NGNCommonConstants.m in Sources */,
				255C81101F4D6B1D00874081 /* AppDelegate.m in Sources */,
				404538771F50A18E00125AC3 /* NGNModalPresentationAnimator.m in Sources */,
				404538811F50A1A200125AC3 /* NGNCustomTransitionAnimator.m in Sources */,
				404538801F50A1A200125AC3 /* NGNCustomFirstViewController.m in Sources */,
				258451451F4DA63F0085892E /* NGNNavigableSecondViewController.m in Sources */,
				258451421F4DA6260085892E /* NGNNavigableFirstViewController.m in Sources */,
				404538781F50A18E00125AC3 /* NGNModalPresentationTransitionDelegate.m in Sources */,
				255C810D1F4D6B1D00874081 /* main.m in Sources */,
				251383331F4D79E10071AE26 /* NGNModalFirstViewController.m in Sources */,
			);
			runOnlyForDeploymentPostprocessing = 0;
		};
/* End PBXSourcesBuildPhase section */

/* Begin PBXVariantGroup section */
		255C81141F4D6B1D00874081 /* Main.storyboard */ = {
			isa = PBXVariantGroup;
			children = (
				255C81151F4D6B1D00874081 /* Base */,
			);
			name = Main.storyboard;
			sourceTree = "<group>";
		};
		255C81191F4D6B1E00874081 /* LaunchScreen.storyboard */ = {
			isa = PBXVariantGroup;
			children = (
				255C811A1F4D6B1E00874081 /* Base */,
			);
			name = LaunchScreen.storyboard;
			sourceTree = "<group>";
		};
/* End PBXVariantGroup section */

/* Begin XCBuildConfiguration section */
		255C811D1F4D6B1E00874081 /* Debug */ = {
			isa = XCBuildConfiguration;
			buildSettings = {
				ALWAYS_SEARCH_USER_PATHS = NO;
				CLANG_ANALYZER_NONNULL = YES;
				CLANG_ANALYZER_NUMBER_OBJECT_CONVERSION = YES_AGGRESSIVE;
				CLANG_CXX_LANGUAGE_STANDARD = "gnu++0x";
				CLANG_CXX_LIBRARY = "libc++";
				CLANG_ENABLE_MODULES = YES;
				CLANG_ENABLE_OBJC_ARC = YES;
				CLANG_WARN_BOOL_CONVERSION = YES;
				CLANG_WARN_CONSTANT_CONVERSION = YES;
				CLANG_WARN_DIRECT_OBJC_ISA_USAGE = YES_ERROR;
				CLANG_WARN_DOCUMENTATION_COMMENTS = YES;
				CLANG_WARN_EMPTY_BODY = YES;
				CLANG_WARN_ENUM_CONVERSION = YES;
				CLANG_WARN_INFINITE_RECURSION = YES;
				CLANG_WARN_INT_CONVERSION = YES;
				CLANG_WARN_OBJC_ROOT_CLASS = YES_ERROR;
				CLANG_WARN_SUSPICIOUS_MOVE = YES;
				CLANG_WARN_UNREACHABLE_CODE = YES;
				CLANG_WARN__DUPLICATE_METHOD_MATCH = YES;
				"CODE_SIGN_IDENTITY[sdk=iphoneos*]" = "iPhone Developer";
				COPY_PHASE_STRIP = NO;
				DEBUG_INFORMATION_FORMAT = dwarf;
				ENABLE_STRICT_OBJC_MSGSEND = YES;
				ENABLE_TESTABILITY = YES;
				GCC_C_LANGUAGE_STANDARD = gnu99;
				GCC_DYNAMIC_NO_PIC = NO;
				GCC_NO_COMMON_BLOCKS = YES;
				GCC_OPTIMIZATION_LEVEL = 0;
				GCC_PREPROCESSOR_DEFINITIONS = (
					"DEBUG=1",
					"$(inherited)",
				);
				GCC_WARN_64_TO_32_BIT_CONVERSION = YES;
				GCC_WARN_ABOUT_RETURN_TYPE = YES_ERROR;
				GCC_WARN_UNDECLARED_SELECTOR = YES;
				GCC_WARN_UNINITIALIZED_AUTOS = YES_AGGRESSIVE;
				GCC_WARN_UNUSED_FUNCTION = YES;
				GCC_WARN_UNUSED_VARIABLE = YES;
				IPHONEOS_DEPLOYMENT_TARGET = 10.0;
				MTL_ENABLE_DEBUG_INFO = YES;
				ONLY_ACTIVE_ARCH = YES;
				SDKROOT = iphoneos;
			};
			name = Debug;
		};
		255C811E1F4D6B1E00874081 /* Release */ = {
			isa = XCBuildConfiguration;
			buildSettings = {
				ALWAYS_SEARCH_USER_PATHS = NO;
				CLANG_ANALYZER_NONNULL = YES;
				CLANG_ANALYZER_NUMBER_OBJECT_CONVERSION = YES_AGGRESSIVE;
				CLANG_CXX_LANGUAGE_STANDARD = "gnu++0x";
				CLANG_CXX_LIBRARY = "libc++";
				CLANG_ENABLE_MODULES = YES;
				CLANG_ENABLE_OBJC_ARC = YES;
				CLANG_WARN_BOOL_CONVERSION = YES;
				CLANG_WARN_CONSTANT_CONVERSION = YES;
				CLANG_WARN_DIRECT_OBJC_ISA_USAGE = YES_ERROR;
				CLANG_WARN_DOCUMENTATION_COMMENTS = YES;
				CLANG_WARN_EMPTY_BODY = YES;
				CLANG_WARN_ENUM_CONVERSION = YES;
				CLANG_WARN_INFINITE_RECURSION = YES;
				CLANG_WARN_INT_CONVERSION = YES;
				CLANG_WARN_OBJC_ROOT_CLASS = YES_ERROR;
				CLANG_WARN_SUSPICIOUS_MOVE = YES;
				CLANG_WARN_UNREACHABLE_CODE = YES;
				CLANG_WARN__DUPLICATE_METHOD_MATCH = YES;
				"CODE_SIGN_IDENTITY[sdk=iphoneos*]" = "iPhone Developer";
				COPY_PHASE_STRIP = NO;
				DEBUG_INFORMATION_FORMAT = "dwarf-with-dsym";
				ENABLE_NS_ASSERTIONS = NO;
				ENABLE_STRICT_OBJC_MSGSEND = YES;
				GCC_C_LANGUAGE_STANDARD = gnu99;
				GCC_NO_COMMON_BLOCKS = YES;
				GCC_WARN_64_TO_32_BIT_CONVERSION = YES;
				GCC_WARN_ABOUT_RETURN_TYPE = YES_ERROR;
				GCC_WARN_UNDECLARED_SELECTOR = YES;
				GCC_WARN_UNINITIALIZED_AUTOS = YES_AGGRESSIVE;
				GCC_WARN_UNUSED_FUNCTION = YES;
				GCC_WARN_UNUSED_VARIABLE = YES;
				IPHONEOS_DEPLOYMENT_TARGET = 10.0;
				MTL_ENABLE_DEBUG_INFO = NO;
				SDKROOT = iphoneos;
				VALIDATE_PRODUCT = YES;
			};
			name = Release;
		};
		255C81201F4D6B1E00874081 /* Debug */ = {
			isa = XCBuildConfiguration;
			buildSettings = {
				ASSETCATALOG_COMPILER_APPICON_NAME = AppIcon;
				INFOPLIST_FILE = TransitionAnimations/Info.plist;
				LD_RUNPATH_SEARCH_PATHS = "$(inherited) @executable_path/Frameworks";
				PRODUCT_BUNDLE_IDENTIFIER = NGN.TransitionAnimations;
				PRODUCT_NAME = "$(TARGET_NAME)";
			};
			name = Debug;
		};
		255C81211F4D6B1E00874081 /* Release */ = {
			isa = XCBuildConfiguration;
			buildSettings = {
				ASSETCATALOG_COMPILER_APPICON_NAME = AppIcon;
				INFOPLIST_FILE = TransitionAnimations/Info.plist;
				LD_RUNPATH_SEARCH_PATHS = "$(inherited) @executable_path/Frameworks";
				PRODUCT_BUNDLE_IDENTIFIER = NGN.TransitionAnimations;
				PRODUCT_NAME = "$(TARGET_NAME)";
			};
			name = Release;
		};
/* End XCBuildConfiguration section */

/* Begin XCConfigurationList section */
		255C81031F4D6B1D00874081 /* Build configuration list for PBXProject "TransitionAnimations" */ = {
			isa = XCConfigurationList;
			buildConfigurations = (
				255C811D1F4D6B1E00874081 /* Debug */,
				255C811E1F4D6B1E00874081 /* Release */,
			);
			defaultConfigurationIsVisible = 0;
			defaultConfigurationName = Release;
		};
		255C811F1F4D6B1E00874081 /* Build configuration list for PBXNativeTarget "TransitionAnimations" */ = {
			isa = XCConfigurationList;
			buildConfigurations = (
				255C81201F4D6B1E00874081 /* Debug */,
				255C81211F4D6B1E00874081 /* Release */,
			);
			defaultConfigurationIsVisible = 0;
			defaultConfigurationName = Release;
		};
/* End XCConfigurationList section */
	};
	rootObject = 255C81001F4D6B1D00874081 /* Project object */;
}
